
Microsoft Visual Studio Solution File, Format Version 12.00
# Visual Studio 15
VisualStudioVersion = 15.0.28307.779
MinimumVisualStudioVersion = 10.0.40219.1
Project("{8BC9CEB8-8B4A-11D0-8D11-00A0C91BC942}") = "107590037_HW1", "107590037_HW1\107590037_HW1.vcxproj", "{0E499775-DAAC-40A7-944D-2340EDC8EF1B}"
EndProject
Global
	GlobalSection(SolutionConfigurationPlatforms) = preSolution
		Debug|x64 = Debug|x64
		Debug|x86 = Debug|x86
		Release|x64 = Release|x64
		Release|x86 = Release|x86
	EndGlobalSection
	GlobalSection(ProjectConfigurationPlatforms) = postSolution
		{0E499775-DAAC-40A7-944D-2340EDC8EF1B}.Debug|x64.ActiveCfg = Debug|x64
		{0E499775-DAAC-40A7-944D-2340EDC8EF1B}.Debug|x64.Build.0 = Debug|x64
		{0E499775-DAAC-40A7-944D-2340EDC8EF1B}.Debug|x86.ActiveCfg = Debug|Win32
		{0E499775-DAAC-40A7-944D-2340EDC8EF1B}.Debug|x86.Build.0 = Debug|Win32
		{0E499775-DAAC-40A7-944D-2340EDC8EF1B}.Release|x64.ActiveCfg = Release|x64
		{0E499775-DAAC-40A7-944D-2340EDC8EF1B}.Release|x64.Build.0 = Release|x64
		{0E499775-DAAC-40A7-944D-2340EDC8EF1B}.Release|x86.ActiveCfg = Release|Win32
		{0E499775-DAAC-40A7-944D-2340EDC8EF1B}.Release|x86.Build.0 = Release|Win32
	EndGlobalSection
	GlobalSection(SolutionProperties) = preSolution
		HideSolutionNode = FALSE
	EndGlobalSection
	GlobalSection(ExtensibilityGlobals) = postSolution
		SolutionGuid = {F1B95832-15F5-4381-8CAD-3B4BD54A7EE2}
	EndGlobalSection
EndGlobal
